
Microsoft Visual Studio Solution File, Format Version 12.00
# Visual Studio 14
VisualStudioVersion = 14.0.25420.1
MinimumVisualStudioVersion = 10.0.40219.1
Project("{2150E333-8FDC-42A3-9474-1A3956D46DE8}") = "src", "src", "{2287C5F7-64C5-4E01-86D4-3D624B115A6A}"
EndProject
Project("{2150E333-8FDC-42A3-9474-1A3956D46DE8}") = "Solution Items", "Solution Items", "{33235F48-C65E-47A7-864B-CFEC182DCF2F}"
	ProjectSection(SolutionItems) = preProject
		global.json = global.json
	EndProjectSection
EndProject
Project("{8BB2217D-0F2D-49D1-97BC-3654ED321F3B}") = "WebApplication5", "src\WebApplication5\WebApplication5.xproj", "{68A1FFE3-2B7E-4546-9266-EF7CE6B8F72C}"
EndProject
Global
	GlobalSection(SolutionConfigurationPlatforms) = preSolution
		Debug|Any CPU = Debug|Any CPU
		Release|Any CPU = Release|Any CPU
	EndGlobalSection
	GlobalSection(ProjectConfigurationPlatforms) = postSolution
		{68A1FFE3-2B7E-4546-9266-EF7CE6B8F72C}.Debug|Any CPU.ActiveCfg = Debug|Any CPU
		{68A1FFE3-2B7E-4546-9266-EF7CE6B8F72C}.Debug|Any CPU.Build.0 = Debug|Any CPU
		{68A1FFE3-2B7E-4546-9266-EF7CE6B8F72C}.Release|Any CPU.ActiveCfg = Release|Any CPU
		{68A1FFE3-2B7E-4546-9266-EF7CE6B8F72C}.Release|Any CPU.Build.0 = Release|Any CPU
	EndGlobalSection
	GlobalSection(SolutionProperties) = preSolution
		HideSolutionNode = FALSE
	EndGlobalSection
	GlobalSection(NestedProjects) = preSolution
		{68A1FFE3-2B7E-4546-9266-EF7CE6B8F72C} = {2287C5F7-64C5-4E01-86D4-3D624B115A6A}
	EndGlobalSection
EndGlobal
